{
  "nodes": {
    "nixpkgs": {
      "locked": {
        "lastModified": 1592819094,
        "narHash": "sha256-dubBtlIqvd1gKBBVrq/szuK2WV9nAiyypXzUUljmeRg=",
        "owner": "NixOS",
        "repo": "nixpkgs",
        "rev": "9c42eb70cfdb2e59c001a4cdae0b2c9875dd44c3",
        "type": "github"
      },
      "original": {
        "owner": "NixOS",
        "ref": "nixos-20.03",
        "repo": "nixpkgs",
        "type": "github"
      }
    },
    "root": {
      "inputs": {
        "nixpkgs": "nixpkgs",
        "utils": "utils"
      }
    },
    "utils": {
      "locked": {
        "lastModified": 1590791977,
        "narHash": "sha256-l26u9vRsdV9jkoBGlzFxTKLKtrZ38xCMZIG9h9ibFjQ=",
        "owner": "numtide",
        "repo": "flake-utils",
        "rev": "4fbce19a7a9647154a35f0e856d52171c41e14a4",
        "type": "github"
      },
      "original": {
        "owner": "numtide",
        "repo": "flake-utils",
        "type": "github"
      }
    }
  },
  "root": "root",
  "version": 7
}
